
Microsoft Visual Studio Solution File, Format Version 12.00
# Visual Studio Version 16
VisualStudioVersion = 16.0.30204.135
MinimumVisualStudioVersion = 10.0.40219.1
Project("{FAE04EC0-301F-11D3-BF4B-00C04F79EFBC}") = "DailyBlogger", "DailyBlogger\DailyBlogger.csproj", "{D557AFCC-7E13-4DB5-A967-2A071D7CDAA0}"
EndProject
Global
	GlobalSection(SolutionConfigurationPlatforms) = preSolution
		Debug|Any CPU = Debug|Any CPU
		Release|Any CPU = Release|Any CPU
	EndGlobalSection
	GlobalSection(ProjectConfigurationPlatforms) = postSolution
		{D557AFCC-7E13-4DB5-A967-2A071D7CDAA0}.Debug|Any CPU.ActiveCfg = Debug|Any CPU
		{D557AFCC-7E13-4DB5-A967-2A071D7CDAA0}.Debug|Any CPU.Build.0 = Debug|Any CPU
		{D557AFCC-7E13-4DB5-A967-2A071D7CDAA0}.Release|Any CPU.ActiveCfg = Release|Any CPU
		{D557AFCC-7E13-4DB5-A967-2A071D7CDAA0}.Release|Any CPU.Build.0 = Release|Any CPU
	EndGlobalSection
	GlobalSection(SolutionProperties) = preSolution
		HideSolutionNode = FALSE
	EndGlobalSection
	GlobalSection(ExtensibilityGlobals) = postSolution
		SolutionGuid = {5688A468-C0CF-4055-A4BD-152C4403EF7F}
	EndGlobalSection
EndGlobal
